PackratFormat: 1.4
PackratVersion: 0.4.8.1
RVersion: 3.4.4
Repos: CRAN=https://cloud.r-project.org

Package: BBmisc
Source: github
Version: 1.11
GithubRepo: BBmisc
GithubUsername: berndbischl
GithubRef: master
GithubSha1: a5a4e45197572b02ddbb86c4fbd96dfc0771666e
Hash: 4e28ef5c2f2b71cefca39e3108058e2b
Requires: checkmate, data.table

Package: BH
Source: CRAN
Version: 1.65.0-1
Hash: 95f62be4d6916aae14a310a8b56a6475

Package: CVST
Source: CRAN
Version: 0.2-1
Hash: 1e50c7789a11bc9523238fcf16ee8a71
Requires: kernlab

Package: DBI
Source: CRAN
Version: 0.7
Hash: 1ab72df487f06ad5f0de05446cdd4bd6

Package: DEoptimR
Source: CRAN
Version: 1.0-8
Hash: adc74e88e85eabe6c7d73db6a86fe6cf

Package: DRR
Source: CRAN
Version: 0.0.3
Hash: cd7cdf55dde64ded98a7d8d0621c9242
Requires: CVST, kernlab

Package: ModelMetrics
Source: CRAN
Version: 1.1.0
Hash: 8cfb7e5448c4fd20a04c999b1ca40c08
Requires: Rcpp

Package: ParamHelpers
Source: CRAN
Version: 1.10
Hash: 9a0e20014fb653487b83ed951cc318c0
Requires: BBmisc, checkmate

Package: R.methodsS3
Source: CRAN
Version: 1.7.1
Hash: 99f841ba1614c005e6672c5fb01b352a

Package: R.oo
Source: CRAN
Version: 1.21.0
Hash: d155101c5eb87d728d43e23c6902f4d5
Requires: R.methodsS3

Package: R.utils
Source: CRAN
Version: 2.6.0
Hash: 7d46f5c3a914a82db092e1404d6ae624
Requires: R.methodsS3, R.oo

Package: R6
Source: CRAN
Version: 2.2.2
Hash: b2366cd9d2f3851a5704b4e192b985c2

Package: RColorBrewer
Source: CRAN
Version: 1.1-2
Hash: c0d56cd15034f395874c870141870c25

Package: RSQLite
Source: CRAN
Version: 2.0
Hash: c8e768dd4ac158ea7422948616bae595
Requires: BH, DBI, Rcpp, bit64, blob, memoise, pkgconfig, plogr

Package: Rcpp
Source: CRAN
Version: 0.12.15
Hash: a419463fc86b3ecc7338ae3ac3bbb268

Package: RcppRoll
Source: CRAN
Version: 0.2.2
Hash: f71eac2c4bb16d0f96c89aa312406e78
Requires: Rcpp

Package: SQUAREM
Source: CRAN
Version: 2017.10-1
Hash: 468c9c5e9c9852863fd94313b880964d

Package: assertthat
Source: CRAN
Version: 0.2.0
Hash: e8805df54c65ac96d50235c44a82615c

Package: backports
Source: CRAN
Version: 1.1.2
Hash: 5ae7b3466e529e4400951ca18c137e40

Package: base64enc
Source: CRAN
Version: 0.1-3
Hash: c590d29e555926af053055e23ee79efb

Package: bindr
Source: CRAN
Version: 0.1
Hash: e3a02070cf705d3ad1c5af1635a515a3

Package: bindrcpp
Source: CRAN
Version: 0.2
Hash: 2d69ff431a54f6c4a750754b88c7e0af
Requires: Rcpp, bindr, plogr

Package: bit
Source: CRAN
Version: 1.1-12
Hash: a4cdb11cf9fd6dd38f9f40c413b81e93

Package: bit64
Source: CRAN
Version: 0.9-7
Hash: 4b195615d19ba49c114eb04e09e30a96
Requires: bit

Package: bitops
Source: CRAN
Version: 1.0-6
Hash: 67d0775189fd0041d95abca618c5c07e

Package: blob
Source: CRAN
Version: 1.1.0
Hash: e29764e47f2faf0cd5b74cbcddc3fa9c
Requires: tibble

Package: brew
Source: CRAN
Version: 1.0-6
Hash: 931f9972deae0f205e1c78a51f33149b

Package: broom
Source: CRAN
Version: 0.4.3
Hash: e796a434d80c7358cb3eb5acb142fb45
Requires: dplyr, plyr, psych, reshape2, stringr, tidyr

Package: caTools
Source: CRAN
Version: 1.17.1
Hash: 97cb6f6293cd18d17df77a6383cc6763
Requires: bitops

Package: callr
Source: CRAN
Version: 2.0.1
Hash: 014fe05a52b730b78bbeeef052bc0b00
Requires: R6, assertthat, crayon, debugme, testthat

Package: caret
Source: CRAN
Version: 6.0-78
Hash: fbb1f85461f07cd4ddb74bb1395c7e98
Requires: ModelMetrics, foreach, ggplot2, plyr, recipes, reshape2,
    withr

Package: cellranger
Source: CRAN
Version: 1.1.0
Hash: 4e1ef4d099b0c5fd531a3938cf4624bd
Requires: rematch, tibble

Package: checkmate
Source: CRAN
Version: 1.8.5
Hash: e1bbc5228ab3da931a099208bc95ad23
Requires: backports

Package: classInt
Source: CRAN
Version: 0.1-24
Hash: 0edecb3f0021a4ef80f45bd9edae0c71
Requires: e1071

Package: cli
Source: CRAN
Version: 1.0.0
Hash: f4239f89feb7ddc65821e4514e9734ae
Requires: assertthat, crayon

Package: clipr
Source: CRAN
Version: 0.4.0
Hash: 0d4860516c7e3120f8116a639b1ff553

Package: clisymbols
Source: CRAN
Version: 1.2.0
Hash: a76a309884277a4fd8a5d741965fbef5

Package: colorRamps
Source: CRAN
Version: 2.3
Hash: d96002cc5a5865a552486c392e39f5ed

Package: colorout
Source: github
Version: 1.2-0
GithubRepo: colorout
GithubUsername: jalvesaq
GithubRef: master
GithubSha1: 27d122a450c0c7859ac10b5372035c02eb8e514b
Hash: e91636c0b42bd272fa9c7e2c9f466abb

Package: colorspace
Source: CRAN
Version: 1.3-2
Hash: 0bf8618b585fa98eb23414cd3ab95118

Package: cowplot
Source: CRAN
Version: 0.9.2
Hash: 0906730256b0ac0a7ca35da4b0187e0a
Requires: ggplot2, gtable, plyr, scales

Package: crancache
Source: github
Version: 0.0.0.9000
GithubRepo: crancache
GithubUsername: r-lib
GithubRef: master
GithubSha1: 11e6bde59e05b76b8dcabb194f693592e31d93f3
Hash: 9bbcc82d8a0a89125cc91a3757c416a7
Requires: callr, cranlike, curl, desc, digest, parsedate, rappdirs,
    withr

Package: cranlike
Source: CRAN
Version: 1.0.1
Hash: e73826f4af846034f100c01a62069b72
Requires: DBI, RSQLite, debugme, desc

Package: crayon
Source: CRAN
Version: 1.3.4
Hash: ff2840dd9b0d563fc80377a5a45510cd

Package: crosstalk
Source: CRAN
Version: 1.0.0
Hash: c13adea5906fbe2becfcb5f843b26749
Requires: R6, ggplot2, htmltools, jsonlite, lazyeval, shiny

Package: curl
Source: CRAN
Version: 3.1
Hash: 877149b42d479b93ab15d5cef46c0f1b

Package: data.table
Source: CRAN
Version: 1.10.4-3
Hash: 3c270a59ca3298aba8df3c1ae3bbea19

Package: dbplyr
Source: CRAN
Version: 1.2.0
Hash: d00cf26677cd9df6b0bec15e822cada4
Requires: DBI, R6, assertthat, dplyr, glue, purrr, rlang, tibble,
    tidyselect

Package: ddalpha
Source: CRAN
Version: 1.3.1
Hash: a4f8526ef9aa4cccc03780e3820c4125
Requires: BH, Rcpp, robustbase, sfsmisc

Package: debugme
Source: CRAN
Version: 1.1.0
Hash: c233690edd9fa17a63f7c8d83c1ca153
Requires: crayon

Package: desc
Source: CRAN
Version: 1.1.1
Hash: 2f99e95211c4ba6efcf5538d096587fc
Requires: R6, assertthat, crayon, rprojroot

Package: devtools
Source: CRAN
Version: 1.13.4
Hash: 80a77b22f641002c7ce0343baeaee300
Requires: digest, git2r, httr, jsonlite, memoise, rstudioapi, whisker,
    withr

Package: dichromat
Source: CRAN
Version: 2.0-0
Hash: 08eed0c80510af29bb15f840ccfe37ce

Package: digest
Source: CRAN
Version: 0.6.15
Hash: 1f202ebd812ac7192be3739245746a13

Package: dimRed
Source: CRAN
Version: 0.1.0
Hash: 648bd80f3187f8e807f996e3e0866c7c
Requires: DRR

Package: dplyr
Source: CRAN
Version: 0.7.4
Hash: afee83094df37f504c726aebed71109c
Requires: BH, R6, Rcpp, assertthat, bindrcpp, glue, magrittr,
    pkgconfig, plogr, rlang, tibble

Package: e1071
Source: CRAN
Version: 1.6-8
Hash: 20320ec66d4dc608654769145b7c624a

Package: evaluate
Source: CRAN
Version: 0.10.1
Hash: 54d95f4ec6d0300100413ed0127d89ae
Requires: stringr

Package: forcats
Source: CRAN
Version: 0.2.0
Hash: e5a3b0b96a39f5581467b0c6366f7408
Requires: magrittr, tibble

Package: foreach
Source: CRAN
Version: 1.4.4
Hash: 4df5ab2c8c35382dacab75d414da6748
Requires: iterators

Package: gdalUtils
Source: CRAN
Version: 2.0.1.7
Hash: 598915498d88cf50d2072e2db5841189
Requires: R.utils, foreach, raster, rgdal, sp

Package: gdtools
Source: CRAN
Version: 0.1.6
Hash: 3a00c20050faf9bb424d5e35ae509aca
Requires: Rcpp, withr

Package: ggplot2
Source: CRAN
Version: 2.2.1
Hash: 46e5cb78836848aa44655e577433f54b
Requires: digest, gtable, lazyeval, plyr, reshape2, scales, tibble

Package: gh
Source: CRAN
Version: 1.0.1
Hash: 0fafa863f1a86a1f1966e5d5b46a48b5
Requires: httr, ini, jsonlite

Package: git2r
Source: CRAN
Version: 0.21.0
Hash: 64747922e287be74e8e8b46c107fd3ef

Package: glue
Source: CRAN
Version: 1.2.0
Hash: 381e42baedecc633c0e547a0c7ca9de7

Package: gower
Source: CRAN
Version: 0.1.2
Hash: 77a20b3ef7f9a1a7ed19457b36978605

Package: gridExtra
Source: CRAN
Version: 2.3
Hash: fa977bc1aab5588a08123b10ceb1ad3d
Requires: gtable

Package: gtable
Source: CRAN
Version: 0.2.0
Hash: cd78381a9d3fea966ac39bd0daaf5554

Package: haven
Source: CRAN
Version: 1.1.1
Hash: cf81574a856c943a798155580cc1291d
Requires: Rcpp, forcats, hms, readr, tibble

Package: hexbin
Source: CRAN
Version: 1.27.2
Hash: db6c71309772ea1f664081576e5b943d

Package: highr
Source: CRAN
Version: 0.6
Hash: aa3d5b7912b5fed4b546ed5cd2a1760b

Package: hms
Source: CRAN
Version: 0.4.1
Hash: f245eee62ab93358520f95cae7aeb5f4
Requires: pkgconfig, rlang

Package: hsdar
Source: github
Version: 0.5.2
GithubRepo: hsdar
GithubUsername: pat-s
GithubRef: master
GithubSha1: 2ce6286e089ced3ad3ba7e4f85bd2d64557f682c
Hash: ef89f396b5f5075c756b542f96e2517e
Requires: caret, magrittr, raster, rgdal, rootSolve, signal

Package: htmltools
Source: CRAN
Version: 0.3.6
Hash: f6fa1ff1db422a2c5227be30cab6c273
Requires: Rcpp, digest

Package: htmlwidgets
Source: CRAN
Version: 1.0
Hash: f34dd51a49b6d2947bc853223897854b
Requires: htmltools, jsonlite, yaml

Package: httpuv
Source: CRAN
Version: 1.3.5
Hash: e84ff210704225e98da111beaa238472
Requires: Rcpp

Package: httr
Source: CRAN
Version: 1.3.1
Hash: 2d32e01e53d532c812052e27a1021441
Requires: R6, curl, jsonlite, mime, openssl

Package: ini
Source: CRAN
Version: 0.3.0
Hash: 6f838ce34ea57d28eaf08709680a5501

Package: ipred
Source: CRAN
Version: 0.9-6
Hash: 2fd946bce1622291262c12515d27e780
Requires: prodlim

Package: iterators
Source: CRAN
Version: 1.0.9
Hash: c2dc1341675d2508c180221949e40e98

Package: jsonlite
Source: CRAN
Version: 1.5
Hash: 9c51936d8dd00b2f1d4fe9d10499694c

Package: kernlab
Source: CRAN
Version: 0.9-25
Hash: bf60122a2e1f073661edb69651a682c2

Package: knitr
Source: CRAN
Version: 1.19
Hash: d2175cc3b7faadedb1a1a3b6453e7842
Requires: evaluate, highr, markdown, stringr, yaml

Package: labeling
Source: CRAN
Version: 0.3
Hash: ecf589b42cd284b03a4beb9665482d3e

Package: latticeExtra
Source: CRAN
Version: 0.6-28
Hash: efdf3a10a129129f7b8f4ae5a0d7ec3d
Requires: RColorBrewer

Package: lava
Source: CRAN
Version: 1.6
Hash: e89a913de52c121d31e0570c79165a68
Requires: SQUAREM, numDeriv

Package: lazyeval
Source: CRAN
Version: 0.2.1
Hash: 88926ad9c43581fd0822a37c8ed09f05

Package: leaflet
Source: CRAN
Version: 1.1.0
Hash: 25f9a891535d490e22c4e200bf303362
Requires: RColorBrewer, base64enc, crosstalk, htmltools, htmlwidgets,
    magrittr, markdown, png, raster, scales, sp, viridis

Package: lubridate
Source: CRAN
Version: 1.7.1
Hash: 4ce3fd689e63ba8531f64bf5e81670bd
Requires: Rcpp, stringr

Package: magrittr
Source: CRAN
Version: 1.5
Hash: bdc4d48c3135e8f3b399536ddf160df4

Package: mapview
Source: CRAN
Version: 2.3.0
Hash: ef7c53259e5ceee2d215fb090124d5d8
Requires: Rcpp, base64enc, brew, gdalUtils, htmltools, htmlwidgets,
    leaflet, png, raster, satellite, scales, sf, sp, svglite, uuid,
    viridisLite, webshot

Package: markdown
Source: CRAN
Version: 0.8
Hash: 045d7c594d503b41f1c28946d076c8aa
Requires: mime

Package: memoise
Source: CRAN
Version: 1.1.0
Hash: 410fcd334bc626db100237cc1370f2e9
Requires: digest

Package: memuse
Source: CRAN
Version: 4.0-0
Hash: 947f2cf13924bc28e7ae0effd13e9216

Package: mime
Source: CRAN
Version: 0.5
Hash: 463550cf44fb6f0a2359368f42eebe62

Package: mlr
Source: CRAN
Version: 2.11
Hash: a866b5b930f92f3eef56ae580011f019
Requires: BBmisc, ParamHelpers, backports, checkmate, data.table,
    ggplot2, parallelMap, stringi

Package: mnormt
Source: CRAN
Version: 1.5-5
Hash: d0d5efbb1fb26d2dc5f9394c223084b5

Package: modelr
Source: CRAN
Version: 0.1.1
Hash: dc3b2de1720a22560510dccbdffe2c17
Requires: broom, dplyr, lazyeval, magrittr, purrr, tibble, tidyr

Package: munsell
Source: CRAN
Version: 0.4.3
Hash: f96d896947fcaf9b6d0074002e9f4f9d
Requires: colorspace

Package: numDeriv
Source: CRAN
Version: 2016.8-1
Hash: 3a9d0fc99ba2f6aaa500b3d584962be2

Package: openssl
Source: CRAN
Version: 0.9.9
Hash: 3858537ac10388a5db1687450908f257

Package: openxlsx
Source: CRAN
Version: 4.0.17
Hash: 1b2a81e19fbe490ab20a994c5418e08a
Requires: Rcpp

Package: packrat
Source: CRAN
Version: 0.4.8-1
Hash: 6ad605ba7b4b476d84be6632393f5765

Package: pacman
Source: CRAN
Version: 0.4.6
Hash: 297da4f438f208b46c42bbfcf0001082
Requires: devtools

Package: parallelMap
Source: CRAN
Version: 1.3
Hash: 3c25289bf73f56827ff13cc44f2dc259
Requires: BBmisc, checkmate

Package: parsedate
Source: CRAN
Version: 1.1.3
Hash: 85902ad85833c2e722af340d486ef256

Package: pillar
Source: CRAN
Version: 1.1.0
Hash: 576bf712d620ca2b6ca76ca7b6cb5547
Requires: cli, crayon, rlang, utf8

Package: pkgconfig
Source: CRAN
Version: 2.0.1
Hash: 0dda4a2654a22b36a715c2b0b6fbacac

Package: plogr
Source: CRAN
Version: 0.1-1
Hash: fb19215402e2d9f1c7f803dcaa806fc2

Package: plyr
Source: CRAN
Version: 1.8.4
Hash: 02588dd72bf343b964fa2fe450e0cf96
Requires: Rcpp

Package: png
Source: CRAN
Version: 0.1-7
Hash: 421d7d6e0fb4bd885ecbd909b6456b8b

Package: praise
Source: CRAN
Version: 1.0.0
Hash: 77da8f1df873a4b91e5c4a68fe2fb1b6

Package: prettycode
Source: CRAN
Version: 1.0.1
Hash: 14a603af6acadcd5137124dcf16caee9
Requires: crayon, withr

Package: processx
Source: CRAN
Version: 2.0.0.1
Hash: cfb7e4911fb7451f16f812580571652f
Requires: R6, assertthat, crayon, debugme

Package: prodlim
Source: CRAN
Version: 1.6.1
Hash: d2b47ae9838a9afb3b2a373ee9bbaae6
Requires: Rcpp, lava

Package: prompt
Source: github
Version: 1.0.0
GithubRepo: prompt
GithubUsername: gaborcsardi
GithubRef: master
GithubSha1: e5248b5b498958a3cfad5308eac505ebbcc3d16a
Hash: f4760e3f5d80492b1a8af027beba753c
Requires: clisymbols, crayon

Package: psych
Source: CRAN
Version: 1.7.8
Hash: a9e7713423365e42e06413285a89e610
Requires: mnormt

Package: purrr
Source: CRAN
Version: 0.2.4
Hash: a80b244ccd3fdb33a0ff2be3c50dd648
Requires: magrittr, rlang, tibble

Package: rappdirs
Source: CRAN
Version: 0.3.1
Hash: 7340cfebc77ad7b107a549a8635e64dd

Package: raster
Source: CRAN
Version: 2.6-7
Hash: f2afb6322a1b002b574a83a20b34d988
Requires: Rcpp, sp

Package: rasterVis
Source: CRAN
Version: 0.43
Hash: ada2fd79a932c4bc84293e145b8f9074
Requires: RColorBrewer, hexbin, latticeExtra, raster, sp, viridisLite,
    zoo

Package: readr
Source: CRAN
Version: 1.1.1
Hash: 84a71b41255ec67c4b5cd8fd8007fad3
Requires: BH, R6, Rcpp, hms, tibble

Package: readxl
Source: CRAN
Version: 1.0.0
Hash: 4ddf09fdec11e2f253fb2beb17330aaa
Requires: Rcpp, cellranger, tibble

Package: recipes
Source: CRAN
Version: 0.1.2
Hash: b09e6532698fc2642f327a6f9f5a6d72
Requires: RcppRoll, broom, ddalpha, dimRed, dplyr, gower, ipred,
    lubridate, magrittr, purrr, rlang, tibble, tidyselect, timeDate

Package: rematch
Source: CRAN
Version: 1.0.1
Hash: ad4faf59e7611117ff165817074c50c7

Package: rematch2
Source: CRAN
Version: 2.0.1
Hash: b7f86a340a404c69cfb770dfd2081dd9
Requires: tibble

Package: reprex
Source: CRAN
Version: 0.1.2
Hash: 24c1aee0b7d7d74d02c09e1f2e31b286
Requires: callr, knitr, rmarkdown, whisker

Package: reshape2
Source: CRAN
Version: 1.4.3
Hash: d97526fe6578cabf71bb7688c601b4ba
Requires: Rcpp, plyr, stringr

Package: rgdal
Source: CRAN
Version: 1.2-16
Hash: 415bcd52174da30bedbca3001a28b258
Requires: sp

Package: rio
Source: CRAN
Version: 0.5.5
Hash: 862984f175be8ba03641e1465a741411
Requires: curl, data.table, haven, openxlsx, readxl, tibble

Package: rlang
Source: CRAN
Version: 0.1.6
Hash: 8eb4b2dce38b8f663cb9364b28eaa76b

Package: rmarkdown
Source: CRAN
Version: 1.8
Hash: 2a7842e3cee62a79dd737d17e9e9d86b
Requires: base64enc, evaluate, htmltools, jsonlite, knitr, mime,
    rprojroot, stringr, yaml

Package: robustbase
Source: CRAN
Version: 0.92-8
Hash: 47f671cf700fbaa2015bb61701e6f7f4
Requires: DEoptimR

Package: rootSolve
Source: CRAN
Version: 1.7
Hash: 3d8122abf35e46c686b76df84e81cbe4

Package: rprojroot
Source: CRAN
Version: 1.3-2
Hash: a25c3f70c166fb3fbabc410eb32b6366
Requires: backports

Package: rstudioapi
Source: CRAN
Version: 0.7
Hash: e2ebaff8160aff3e6b32e6e78a693c2d

Package: rvest
Source: CRAN
Version: 0.3.2
Hash: c69f7526520bad66fd2111ebe8b1364b
Requires: httr, magrittr, selectr, xml2

Package: satellite
Source: CRAN
Version: 1.0.1
Hash: 466b0cd5fcd7a9ddf18dcc9b88a92b48
Requires: Rcpp, plyr, raster

Package: scales
Source: CRAN
Version: 0.5.0
Hash: 671f5636c97d798fd738f04a847900de
Requires: R6, RColorBrewer, Rcpp, dichromat, labeling, munsell, plyr,
    viridisLite

Package: selectr
Source: CRAN
Version: 0.3-1
Hash: 367275e3dcdd208339e131c7a41bec56
Requires: stringr

Package: sf
Source: CRAN
Version: 0.6-0
Hash: 75ab2da8a20c7345ecdae2153d7d650c
Requires: DBI, Rcpp, classInt, magrittr, pillar, units

Package: sfsmisc
Source: CRAN
Version: 1.1-1
Hash: 00af82c1c08f9a5fb278ca3469b6eaf4

Package: shiny
Source: CRAN
Version: 1.0.5
Hash: 4d47532a807122bfd6bc3818310f9d2e
Requires: R6, digest, htmltools, httpuv, jsonlite, mime, sourcetools,
    xtable

Package: signal
Source: CRAN
Version: 0.7-6
Hash: d83ee67a22012af2b26b14ba288940c6

Package: sourcetools
Source: CRAN
Version: 0.1.6
Hash: 226d56d7469587da40b0f96180e711b4

Package: sp
Source: CRAN
Version: 1.2-7
Hash: 6faf282e9f36440f7b51a30ed83e7621

Package: startup
Source: github
Version: 0.9.0
GithubRepo: startup
GithubUsername: henrikBengtsson
GithubRef: master
GithubSha1: c0cf9ae5a21985d10429563ede681e7535f138b6
Hash: 9adc9b62d58183fd83e9eb929d345312

Package: stringi
Source: CRAN
Version: 1.1.6
Hash: 4430faf2bcbe1b8de0d9be55bcfdcc0b

Package: stringr
Source: CRAN
Version: 1.2.0
Hash: 25a86d7f410513ebb7c0bc6a5e16bdc3
Requires: magrittr, stringi

Package: svglite
Source: CRAN
Version: 1.2.1
Hash: 3f3a543883c50ecaca42a373fcab6207
Requires: BH, Rcpp, gdtools

Package: testthat
Source: CRAN
Version: 2.0.0
Hash: 537114b476376c5773bf3c557f5bbd19
Requires: R6, cli, crayon, digest, magrittr, praise, rlang, withr

Package: tibble
Source: CRAN
Version: 1.4.2
Hash: 83895360ce4f8d2ce92eee00526b5b0b
Requires: cli, crayon, pillar, rlang

Package: tidyr
Source: CRAN
Version: 0.8.0
Hash: e5bc44c5e2cb519dd49bbe9a1cca5f3c
Requires: Rcpp, dplyr, glue, magrittr, purrr, rlang, stringi, tibble,
    tidyselect

Package: tidyselect
Source: CRAN
Version: 0.2.3
Hash: dcadb790c3b5d55f7b47f087b62be723
Requires: Rcpp, glue, purrr, rlang

Package: tidyverse
Source: CRAN
Version: 1.2.1
Hash: 1b090209cb20b6fc6eba75de8b7f0b53
Requires: broom, cli, crayon, dbplyr, dplyr, forcats, ggplot2, haven,
    hms, httr, jsonlite, lubridate, magrittr, modelr, purrr, readr,
    readxl, reprex, rlang, rstudioapi, rvest, stringr, tibble, tidyr,
    xml2

Package: timeDate
Source: CRAN
Version: 3042.101
Hash: 7df1e4dffe7ba0d2fa782094f637b7b9

Package: udunits2
Source: CRAN
Version: 0.13
Hash: 587587ec23c49271e0657fed726e7846

Package: units
Source: CRAN
Version: 0.5-1
Hash: 78ecb3bf0a01948df4a768a72c6edf75
Requires: udunits2

Package: usethis
Source: github
Version: 1.3.0.9000
GithubRepo: usethis
GithubUsername: r-lib
GithubRef: master
GithubSha1: 59b083779c142242ed5291242b72f41822996000
Hash: 1ca9c1189354cb1f54497acfd80649f3
Requires: backports, clipr, clisymbols, crayon, curl, desc, gh, git2r,
    httr, rematch2, rprojroot, rstudioapi, whisker

Package: utf8
Source: CRAN
Version: 1.1.3
Hash: a2fe6a996668ee5850b7719f365e831b

Package: uuid
Source: CRAN
Version: 0.1-2
Hash: 69acbbcf4dcff3a258f94de540214001

Package: viridis
Source: CRAN
Version: 0.4.1
Hash: e96f1e21974afbf058b8b5e61a036376
Requires: ggplot2, gridExtra, viridisLite

Package: viridisLite
Source: CRAN
Version: 0.2.0
Hash: 10f0c25af3dc84eaae10f5854f47efdb

Package: webshot
Source: CRAN
Version: 0.5.0
Hash: 5f3174d4a88c04e8f1a1fb1a7805fd4b
Requires: jsonlite, magrittr, processx, withr

Package: whisker
Source: CRAN
Version: 0.3-2
Hash: 803d662762e532705c2c066a82d066e7

Package: withr
Source: CRAN
Version: 2.1.1
Hash: a86856ae0b4a7c3daf9a3ef0097a403b

Package: xml2
Source: CRAN
Version: 1.2.0
Hash: 94e9b541116e27d80a23d436f81eda80
Requires: Rcpp

Package: xtable
Source: CRAN
Version: 1.8-2
Hash: 7293235cfcc14cdff1ce7fd1a0212031

Package: yaml
Source: CRAN
Version: 2.1.16
Hash: 784ea5d8302d4a81f166a32a33c10711

Package: zoo
Source: CRAN
Version: 1.8-1
Hash: 4662280a4dad0f93d6ecfdf797fc1cf2
